// !$*UTF8*$!
{
	archiveVersion = 1;
	classes = {
	};
	objectVersion = 48;
	objects = {

/* Begin PBXBuildFile section */
		01A878C91F345EEC00524F34 /* AppDelegate.swift in Sources */ = {isa = PBXBuildFile; fileRef = 01A878C81F345EEC00524F34 /* AppDelegate.swift */; };
		01A878CE1F345EEC00524F34 /* Main.storyboard in Resources */ = {isa = PBXBuildFile; fileRef = 01A878CC1F345EEC00524F34 /* Main.storyboard */; };
		01A878D01F345EEC00524F34 /* Assets.xcassets in Resources */ = {isa = PBXBuildFile; fileRef = 01A878CF1F345EEC00524F34 /* Assets.xcassets */; };
		01A878D31F345EEC00524F34 /* LaunchScreen.storyboard in Resources */ = {isa = PBXBuildFile; fileRef = 01A878D11F345EEC00524F34 /* LaunchScreen.storyboard */; };
/* End PBXBuildFile section */

/* Begin PBXFileReference section */
		01A878C51F345EEC00524F34 /* Thread Tweets.app */ = {isa = PBXFileReference; explicitFileType = wrapper.application; includeInIndex = 0; path = "Thread Tweets.app"; sourceTree = BUILT_PRODUCTS_DIR; };
		01A878C81F345EEC00524F34 /* AppDelegate.swift */ = {isa = PBXFileReference; lastKnownFileType = sourcecode.swift; path = AppDelegate.swift; sourceTree = "<group>"; };
		01A878CD1F345EEC00524F34 /* Base */ = {isa = PBXFileReference; lastKnownFileType = file.storyboard; name = Base; path = Base.lproj/Main.storyboard; sourceTree = "<group>"; };
		01A878CF1F345EEC00524F34 /* Assets.xcassets */ = {isa = PBXFileReference; lastKnownFileType = folder.assetcatalog; path = Assets.xcassets; sourceTree = "<group>"; };
		01A878D21F345EEC00524F34 /* Base */ = {isa = PBXFileReference; lastKnownFileType = file.storyboard; name = Base; path = Base.lproj/LaunchScreen.storyboard; sourceTree = "<group>"; };
		01A878D41F345EEC00524F34 /* Info.plist */ = {isa = PBXFileReference; lastKnownFileType = text.plist.xml; path = Info.plist; sourceTree = "<group>"; };
		01A878DB1F345EFF00524F34 /* threadtweets.png */ = {isa = PBXFileReference; lastKnownFileType = image.png; path = threadtweets.png; sourceTree = "<group>"; };
/* End PBXFileReference section */

/* Begin PBXFrameworksBuildPhase section */
		01A878C21F345EEC00524F34 /* Frameworks */ = {
			isa = PBXFrameworksBuildPhase;
			buildActionMask = 2147483647;
			files = (
			);
			runOnlyForDeploymentPostprocessing = 0;
		};
/* End PBXFrameworksBuildPhase section */

/* Begin PBXGroup section */
		01A878BC1F345EEC00524F34 = {
			isa = PBXGroup;
			children = (
				01A878C71F345EEC00524F34 /* Thread Tweets */,
				01A878C61F345EEC00524F34 /* Products */,
			);
			sourceTree = "<group>";
		};
		01A878C61F345EEC00524F34 /* Products */ = {
			isa = PBXGroup;
			children = (
				01A878C51F345EEC00524F34 /* Thread Tweets.app */,
			);
			name = Products;
			sourceTree = "<group>";
		};
		01A878C71F345EEC00524F34 /* Thread Tweets */ = {
			isa = PBXGroup;
			children = (
				01A878DE1F345F9800524F34 /* Storyboard */,
				01A878DD1F345F8700524F34 /* Application */,
				01A878DA1F345EF300524F34 /* Images */,
				01A878CF1F345EEC00524F34 /* Assets.xcassets */,
			);
			path = "Thread Tweets";
			sourceTree = "<group>";
		};
		01A878DA1F345EF300524F34 /* Images */ = {
			isa = PBXGroup;
			children = (
				01A878DB1F345EFF00524F34 /* threadtweets.png */,
			);
			path = Images;
			sourceTree = "<group>";
		};
		01A878DD1F345F8700524F34 /* Application */ = {
			isa = PBXGroup;
			children = (
				01A878D41F345EEC00524F34 /* Info.plist */,
				01A878C81F345EEC00524F34 /* AppDelegate.swift */,
			);
			path = Application;
			sourceTree = "<group>";
		};
		01A878DE1F345F9800524F34 /* Storyboard */ = {
			isa = PBXGroup;
			children = (
				01A878D11F345EEC00524F34 /* LaunchScreen.storyboard */,
				01A878CC1F345EEC00524F34 /* Main.storyboard */,
			);
			path = Storyboard;
			sourceTree = "<group>";
		};
/* End PBXGroup section */

/* Begin PBXNativeTarget section */
		01A878C41F345EEC00524F34 /* Thread Tweets */ = {
			isa = PBXNativeTarget;
			buildConfigurationList = 01A878D71F345EEC00524F34 /* Build configuration list for PBXNativeTarget "Thread Tweets" */;
			buildPhases = (
				01A878C11F345EEC00524F34 /* Sources */,
				01A878C21F345EEC00524F34 /* Frameworks */,
				01A878C31F345EEC00524F34 /* Resources */,
			);
			buildRules = (
			);
			dependencies = (
			);
			name = "Thread Tweets";
			productName = "Thread Tweets";
			productReference = 01A878C51F345EEC00524F34 /* Thread Tweets.app */;
			productType = "com.apple.product-type.application";
		};
/* End PBXNativeTarget section */

/* Begin PBXProject section */
		01A878BD1F345EEC00524F34 /* Project object */ = {
			isa = PBXProject;
			attributes = {
				LastSwiftUpdateCheck = 0900;
				LastUpgradeCheck = 0900;
				ORGANIZATIONNAME = mDevSA;
				TargetAttributes = {
					01A878C41F345EEC00524F34 = {
						CreatedOnToolsVersion = 9.0;
					};
				};
			};
			buildConfigurationList = 01A878C01F345EEC00524F34 /* Build configuration list for PBXProject "Thread Tweets" */;
			compatibilityVersion = "Xcode 8.0";
			developmentRegion = en;
			hasScannedForEncodings = 0;
			knownRegions = (
				en,
				Base,
			);
			mainGroup = 01A878BC1F345EEC00524F34;
			productRefGroup = 01A878C61F345EEC00524F34 /* Products */;
			projectDirPath = "";
			projectRoot = "";
			targets = (
				01A878C41F345EEC00524F34 /* Thread Tweets */,
			);
		};
/* End PBXProject section */

/* Begin PBXResourcesBuildPhase section */
		01A878C31F345EEC00524F34 /* Resources */ = {
			isa = PBXResourcesBuildPhase;
			buildActionMask = 2147483647;
			files = (
				01A878D31F345EEC00524F34 /* LaunchScreen.storyboard in Resources */,
				01A878D01F345EEC00524F34 /* Assets.xcassets in Resources */,
				01A878CE1F345EEC00524F34 /* Main.storyboard in Resources */,
			);
			runOnlyForDeploymentPostprocessing = 0;
		};
/* End PBXResourcesBuildPhase section */

/* Begin PBXSourcesBuildPhase section */
		01A878C11F345EEC00524F34 /* Sources */ = {
			isa = PBXSourcesBuildPhase;
			buildActionMask = 2147483647;
			files = (
				01A878C91F345EEC00524F34 /* AppDelegate.swift in Sources */,
			);
			runOnlyForDeploymentPostprocessing = 0;
		};
/* End PBXSourcesBuildPhase section */

/* Begin PBXVariantGroup section */
		01A878CC1F345EEC00524F34 /* Main.storyboard */ = {
			isa = PBXVariantGroup;
			children = (
				01A878CD1F345EEC00524F34 /* Base */,
			);
			name = Main.storyboard;
			sourceTree = "<group>";
		};
		01A878D11F345EEC00524F34 /* LaunchScreen.storyboard */ = {
			isa = PBXVariantGroup;
			children = (
				01A878D21F345EEC00524F34 /* Base */,
			);
			name = LaunchScreen.storyboard;
			sourceTree = "<group>";
		};
/* End PBXVariantGroup section */

/* Begin XCBuildConfiguration section */
		01A878D51F345EEC00524F34 /* Debug */ = {
			isa = XCBuildConfiguration;
			buildSettings = {
				ALWAYS_SEARCH_USER_PATHS = NO;
				CLANG_ANALYZER_NONNULL = YES;
				CLANG_ANALYZER_NUMBER_OBJECT_CONVERSION = YES_AGGRESSIVE;
				CLANG_CXX_LANGUAGE_STANDARD = "gnu++14";
				CLANG_CXX_LIBRARY = "libc++";
				CLANG_ENABLE_MODULES = YES;
				CLANG_ENABLE_OBJC_ARC = YES;
				CLANG_WARN_BLOCK_CAPTURE_AUTORELEASING = YES;
				CLANG_WARN_BOOL_CONVERSION = YES;
				CLANG_WARN_COMMA = YES;
				CLANG_WARN_CONSTANT_CONVERSION = YES;
				CLANG_WARN_DIRECT_OBJC_ISA_USAGE = YES_ERROR;
				CLANG_WARN_DOCUMENTATION_COMMENTS = YES;
				CLANG_WARN_EMPTY_BODY = YES;
				CLANG_WARN_ENUM_CONVERSION = YES;
				CLANG_WARN_INFINITE_RECURSION = YES;
				CLANG_WARN_INT_CONVERSION = YES;
				CLANG_WARN_NON_LITERAL_NULL_CONVERSION = YES;
				CLANG_WARN_OBJC_LITERAL_CONVERSION = YES;
				CLANG_WARN_OBJC_ROOT_CLASS = YES_ERROR;
				CLANG_WARN_RANGE_LOOP_ANALYSIS = YES;
				CLANG_WARN_STRICT_PROTOTYPES = YES;
				CLANG_WARN_SUSPICIOUS_MOVE = YES;
				CLANG_WARN_UNGUARDED_AVAILABILITY = YES_AGGRESSIVE;
				CLANG_WARN_UNREACHABLE_CODE = YES;
				CLANG_WARN__DUPLICATE_METHOD_MATCH = YES;
				CODE_SIGN_IDENTITY = "iPhone Developer";
				COPY_PHASE_STRIP = NO;
				DEBUG_INFORMATION_FORMAT = dwarf;
				ENABLE_STRICT_OBJC_MSGSEND = YES;
				ENABLE_TESTABILITY = YES;
				GCC_C_LANGUAGE_STANDARD = gnu11;
				GCC_DYNAMIC_NO_PIC = NO;
				GCC_NO_COMMON_BLOCKS = YES;
				GCC_OPTIMIZATION_LEVEL = 0;
				GCC_PREPROCESSOR_DEFINITIONS = (
					"DEBUG=1",
					"$(inherited)",
				);
				GCC_WARN_64_TO_32_BIT_CONVERSION = YES;
				GCC_WARN_ABOUT_RETURN_TYPE = YES_ERROR;
				GCC_WARN_UNDECLARED_SELECTOR = YES;
				GCC_WARN_UNINITIALIZED_AUTOS = YES_AGGRESSIVE;
				GCC_WARN_UNUSED_FUNCTION = YES;
				GCC_WARN_UNUSED_VARIABLE = YES;
				IPHONEOS_DEPLOYMENT_TARGET = 11.0;
				MTL_ENABLE_DEBUG_INFO = YES;
				ONLY_ACTIVE_ARCH = YES;
				SDKROOT = iphoneos;
				SWIFT_ACTIVE_COMPILATION_CONDITIONS = DEBUG;
				SWIFT_OPTIMIZATION_LEVEL = "-Onone";
			};
			name = Debug;
		};
		01A878D61F345EEC00524F34 /* Release */ = {
			isa = XCBuildConfiguration;
			buildSettings = {
				ALWAYS_SEARCH_USER_PATHS = NO;
				CLANG_ANALYZER_NONNULL = YES;
				CLANG_ANALYZER_NUMBER_OBJECT_CONVERSION = YES_AGGRESSIVE;
				CLANG_CXX_LANGUAGE_STANDARD = "gnu++14";
				CLANG_CXX_LIBRARY = "libc++";
				CLANG_ENABLE_MODULES = YES;
				CLANG_ENABLE_OBJC_ARC = YES;
				CLANG_WARN_BLOCK_CAPTURE_AUTORELEASING = YES;
				CLANG_WARN_BOOL_CONVERSION = YES;
				CLANG_WARN_COMMA = YES;
				CLANG_WARN_CONSTANT_CONVERSION = YES;
				CLANG_WARN_DIRECT_OBJC_ISA_USAGE = YES_ERROR;
				CLANG_WARN_DOCUMENTATION_COMMENTS = YES;
				CLANG_WARN_EMPTY_BODY = YES;
				CLANG_WARN_ENUM_CONVERSION = YES;
				CLANG_WARN_INFINITE_RECURSION = YES;
				CLANG_WARN_INT_CONVERSION = YES;
				CLANG_WARN_NON_LITERAL_NULL_CONVERSION = YES;
				CLANG_WARN_OBJC_LITERAL_CONVERSION = YES;
				CLANG_WARN_OBJC_ROOT_CLASS = YES_ERROR;
				CLANG_WARN_RANGE_LOOP_ANALYSIS = YES;
				CLANG_WARN_STRICT_PROTOTYPES = YES;
				CLANG_WARN_SUSPICIOUS_MOVE = YES;
				CLANG_WARN_UNGUARDED_AVAILABILITY = YES_AGGRESSIVE;
				CLANG_WARN_UNREACHABLE_CODE = YES;
				CLANG_WARN__DUPLICATE_METHOD_MATCH = YES;
				CODE_SIGN_IDENTITY = "iPhone Developer";
				COPY_PHASE_STRIP = NO;
				DEBUG_INFORMATION_FORMAT = "dwarf-with-dsym";
				ENABLE_NS_ASSERTIONS = NO;
				ENABLE_STRICT_OBJC_MSGSEND = YES;
				GCC_C_LANGUAGE_STANDARD = gnu11;
				GCC_NO_COMMON_BLOCKS = YES;
				GCC_WARN_64_TO_32_BIT_CONVERSION = YES;
				GCC_WARN_ABOUT_RETURN_TYPE = YES_ERROR;
				GCC_WARN_UNDECLARED_SELECTOR = YES;
				GCC_WARN_UNINITIALIZED_AUTOS = YES_AGGRESSIVE;
				GCC_WARN_UNUSED_FUNCTION = YES;
				GCC_WARN_UNUSED_VARIABLE = YES;
				IPHONEOS_DEPLOYMENT_TARGET = 11.0;
				MTL_ENABLE_DEBUG_INFO = NO;
				SDKROOT = iphoneos;
				SWIFT_OPTIMIZATION_LEVEL = "-Owholemodule";
				VALIDATE_PRODUCT = YES;
			};
			name = Release;
		};
		01A878D81F345EEC00524F34 /* Debug */ = {
			isa = XCBuildConfiguration;
			buildSettings = {
				ASSETCATALOG_COMPILER_APPICON_NAME = AppIcon;
				DEVELOPMENT_TEAM = B534EWRJTS;
				INFOPLIST_FILE = "Thread Tweets/Info.plist";
				LD_RUNPATH_SEARCH_PATHS = "$(inherited) @executable_path/Frameworks";
				PRODUCT_BUNDLE_IDENTIFIER = "com.mDevSA.Thread-Tweets";
				PRODUCT_NAME = "$(TARGET_NAME)";
				SWIFT_VERSION = 4.0;
				TARGETED_DEVICE_FAMILY = "1,2";
			};
			name = Debug;
		};
		01A878D91F345EEC00524F34 /* Release */ = {
			isa = XCBuildConfiguration;
			buildSettings = {
				ASSETCATALOG_COMPILER_APPICON_NAME = AppIcon;
				DEVELOPMENT_TEAM = B534EWRJTS;
				INFOPLIST_FILE = "Thread Tweets/Info.plist";
				LD_RUNPATH_SEARCH_PATHS = "$(inherited) @executable_path/Frameworks";
				PRODUCT_BUNDLE_IDENTIFIER = "com.mDevSA.Thread-Tweets";
				PRODUCT_NAME = "$(TARGET_NAME)";
				SWIFT_VERSION = 4.0;
				TARGETED_DEVICE_FAMILY = "1,2";
			};
			name = Release;
		};
/* End XCBuildConfiguration section */

/* Begin XCConfigurationList section */
		01A878C01F345EEC00524F34 /* Build configuration list for PBXProject "Thread Tweets" */ = {
			isa = XCConfigurationList;
			buildConfigurations = (
				01A878D51F345EEC00524F34 /* Debug */,
				01A878D61F345EEC00524F34 /* Release */,
			);
			defaultConfigurationIsVisible = 0;
			defaultConfigurationName = Release;
		};
		01A878D71F345EEC00524F34 /* Build configuration list for PBXNativeTarget "Thread Tweets" */ = {
			isa = XCConfigurationList;
			buildConfigurations = (
				01A878D81F345EEC00524F34 /* Debug */,
				01A878D91F345EEC00524F34 /* Release */,
			);
			defaultConfigurationIsVisible = 0;
			defaultConfigurationName = Release;
		};
/* End XCConfigurationList section */
	};
	rootObject = 01A878BD1F345EEC00524F34 /* Project object */;
}
